{
    "version": 3,
    "terraform_version": "0.11.7",
    "serial": 2,
    "lineage": "94063693-b5a0-b82a-dbe2-acaa6277f37f",
    "modules": [
        {
            "path": [
                "root"
            ],
            "outputs": {},
            "resources": {
                "azurerm_resource_group.mytfirstrg": {
                    "type": "azurerm_resource_group",
                    "depends_on": [],
                    "primary": {
                        "id": "/subscriptions/c0a607b2-6372-4ef3-abdb-dbe52a7b56ba/resourceGroups/myResourceGroup",
                        "attributes": {
                            "id": "/subscriptions/c0a607b2-6372-4ef3-abdb-dbe52a7b56ba/resourceGroups/myResourceGroup",
                            "location": "eastus",
                            "name": "myResourceGroup",
                            "tags.%": "1",
                            "tags.environment": "Production"
                        },
                        "meta": {},
                        "tainted": false
                    },
                    "deposed": [],
                    "provider": "provider.azurerm"
                }
            },
            "depends_on": []
        }
    ]
}
